Microsoft Visual Studio Solution File, Format Version 12.00
# Visual Studio Version 17
VisualStudioVersion = 17.13.35818.85
MinimumVisualStudioVersion = 10.0.40219.1
Project("{FAE04EC0-301F-11D3-BF4B-00C04F79EFBC}") = "BancoNET.AppHost", "BancoNET.AppHost\BancoNET.AppHost.csproj", "{D5AFBB2E-00DA-46D2-B653-D7279A2A5319}"
EndProject
Project("{FAE04EC0-301F-11D3-BF4B-00C04F79EFBC}") = "BancoNET.ServiceDefaults", "BancoNET.ServiceDefaults\BancoNET.ServiceDefaults.csproj", "{06F89A96-349F-D913-97CD-538237C6F429}"
EndProject
Project("{FAE04EC0-301F-11D3-BF4B-00C04F79EFBC}") = "BancoNET.ApiService", "BancoNET.ApiService\BancoNET.ApiService.csproj", "{CBDADA90-B04E-4A15-8F57-E43C630030A3}"
EndProject
Project("{FAE04EC0-301F-11D3-BF4B-00C04F79EFBC}") = "BancoNET.Web", "BancoNET.Web\BancoNET.Web.csproj", "{C0C24A68-98DD-5A4D-66F2-E2530CEEE82D}"
EndProject
Global
	GlobalSection(SolutionConfigurationPlatforms) = preSolution
		Debug|Any CPU = Debug|Any CPU
		Release|Any CPU = Release|Any CPU
	EndGlobalSection
	GlobalSection(ProjectConfigurationPlatforms) = postSolution
		{D5AFBB2E-00DA-46D2-B653-D7279A2A5319}.Debug|Any CPU.ActiveCfg = Debug|Any CPU
		{D5AFBB2E-00DA-46D2-B653-D7279A2A5319}.Debug|Any CPU.Build.0 = Debug|Any CPU
		{D5AFBB2E-00DA-46D2-B653-D7279A2A5319}.Release|Any CPU.ActiveCfg = Release|Any CPU
		{D5AFBB2E-00DA-46D2-B653-D7279A2A5319}.Release|Any CPU.Build.0 = Release|Any CPU
		{06F89A96-349F-D913-97CD-538237C6F429}.Debug|Any CPU.ActiveCfg = Debug|Any CPU
		{06F89A96-349F-D913-97CD-538237C6F429}.Debug|Any CPU.Build.0 = Debug|Any CPU
		{06F89A96-349F-D913-97CD-538237C6F429}.Release|Any CPU.ActiveCfg = Release|Any CPU
		{06F89A96-349F-D913-97CD-538237C6F429}.Release|Any CPU.Build.0 = Release|Any CPU
		{CBDADA90-B04E-4A15-8F57-E43C630030A3}.Debug|Any CPU.ActiveCfg = Debug|Any CPU
		{CBDADA90-B04E-4A15-8F57-E43C630030A3}.Debug|Any CPU.Build.0 = Debug|Any CPU
		{CBDADA90-B04E-4A15-8F57-E43C630030A3}.Release|Any CPU.ActiveCfg = Release|Any CPU
		{CBDADA90-B04E-4A15-8F57-E43C630030A3}.Release|Any CPU.Build.0 = Release|Any CPU
		{C0C24A68-98DD-5A4D-66F2-E2530CEEE82D}.Debug|Any CPU.ActiveCfg = Debug|Any CPU
		{C0C24A68-98DD-5A4D-66F2-E2530CEEE82D}.Debug|Any CPU.Build.0 = Debug|Any CPU
		{C0C24A68-98DD-5A4D-66F2-E2530CEEE82D}.Release|Any CPU.ActiveCfg = Release|Any CPU
		{C0C24A68-98DD-5A4D-66F2-E2530CEEE82D}.Release|Any CPU.Build.0 = Release|Any CPU
	EndGlobalSection
	GlobalSection(SolutionProperties) = preSolution
		HideSolutionNode = FALSE
	EndGlobalSection
	GlobalSection(ExtensibilityGlobals) = postSolution
		SolutionGuid = {EC380481-86B0-465B-BA9B-1DCDF3F084E7}
	EndGlobalSection
EndGlobal
